// !$*UTF8*$!
{
	archiveVersion = 1;
	classes = {
	};
	objectVersion = 77;
	objects = {

/* Begin PBXContainerItemProxy section */
		649ADAFB2CA5501000147AAB /* PBXContainerItemProxy */ = {
			isa = PBXContainerItemProxy;
			containerPortal = 649ADADC2CA5500D00147AAB /* Project object */;
			proxyType = 1;
			remoteGlobalIDString = 649ADAE32CA5500D00147AAB;
			remoteInfo = ElinextCollectionChallenge;
		};
		649ADB052CA5501000147AAB /* PBXContainerItemProxy */ = {
			isa = PBXContainerItemProxy;
			containerPortal = 649ADADC2CA5500D00147AAB /* Project object */;
			proxyType = 1;
			remoteGlobalIDString = 649ADAE32CA5500D00147AAB;
			remoteInfo = ElinextCollectionChallenge;
		};
/* End PBXContainerItemProxy section */

/* Begin PBXFileReference section */
		649ADAE42CA5500D00147AAB /* ElinextCollectionChallenge.app */ = {isa = PBXFileReference; explicitFileType = wrapper.application; includeInIndex = 0; path = ElinextCollectionChallenge.app; sourceTree = BUILT_PRODUCTS_DIR; };
		649ADAFA2CA5501000147AAB /* ElinextCollectionChallengeTests.xctest */ = {isa = PBXFileReference; explicitFileType = wrapper.cfbundle; includeInIndex = 0; path = ElinextCollectionChallengeTests.xctest; sourceTree = BUILT_PRODUCTS_DIR; };
		649ADB042CA5501000147AAB /* ElinextCollectionChallengeUITests.xctest */ = {isa = PBXFileReference; explicitFileType = wrapper.cfbundle; includeInIndex = 0; path = ElinextCollectionChallengeUITests.xctest; sourceTree = BUILT_PRODUCTS_DIR; };
/* End PBXFileReference section */

/* Begin PBXFileSystemSynchronizedBuildFileExceptionSet section */
		6459129B2CA7556E00D34D17 /* Exceptions for "ElinextCollectionChallenge" folder in "ElinextCollectionChallengeTests" target */ = {
			isa = PBXFileSystemSynchronizedBuildFileExceptionSet;
			membershipExceptions = (
				Features/SpringboardPhotoView/ViewModel/CellViewModel.swift,
				Helper/ImageCache.swift,
				Helper/Utility.swift,
			);
			target = 649ADAF92CA5501000147AAB /* ElinextCollectionChallengeTests */;
		};
		649ADB0C2CA5501000147AAB /* Exceptions for "ElinextCollectionChallenge" folder in "ElinextCollectionChallenge" target */ = {
			isa = PBXFileSystemSynchronizedBuildFileExceptionSet;
			membershipExceptions = (
				Info.plist,
			);
			target = 649ADAE32CA5500D00147AAB /* ElinextCollectionChallenge */;
		};
/* End PBXFileSystemSynchronizedBuildFileExceptionSet section */

/* Begin PBXFileSystemSynchronizedRootGroup section */
		649ADAE62CA5500D00147AAB /* ElinextCollectionChallenge */ = {
			isa = PBXFileSystemSynchronizedRootGroup;
			exceptions = (
				649ADB0C2CA5501000147AAB /* Exceptions for "ElinextCollectionChallenge" folder in "ElinextCollectionChallenge" target */,
				6459129B2CA7556E00D34D17 /* Exceptions for "ElinextCollectionChallenge" folder in "ElinextCollectionChallengeTests" target */,
			);
			path = ElinextCollectionChallenge;
			sourceTree = "<group>";
		};
		649ADAFD2CA5501000147AAB /* ElinextCollectionChallengeTests */ = {
			isa = PBXFileSystemSynchronizedRootGroup;
			path = ElinextCollectionChallengeTests;
			sourceTree = "<group>";
		};
		649ADB072CA5501000147AAB /* ElinextCollectionChallengeUITests */ = {
			isa = PBXFileSystemSynchronizedRootGroup;
			path = ElinextCollectionChallengeUITests;
			sourceTree = "<group>";
		};
/* End PBXFileSystemSynchronizedRootGroup section */

/* Begin PBXFrameworksBuildPhase section */
		649ADAE12CA5500D00147AAB /* Frameworks */ = {
			isa = PBXFrameworksBuildPhase;
			buildActionMask = 2147483647;
			files = (
			);
			runOnlyForDeploymentPostprocessing = 0;
		};
		649ADAF72CA5501000147AAB /* Frameworks */ = {
			isa = PBXFrameworksBuildPhase;
			buildActionMask = 2147483647;
			files = (
			);
			runOnlyForDeploymentPostprocessing = 0;
		};
		649ADB012CA5501000147AAB /* Frameworks */ = {
			isa = PBXFrameworksBuildPhase;
			buildActionMask = 2147483647;
			files = (
			);
			runOnlyForDeploymentPostprocessing = 0;
		};
/* End PBXFrameworksBuildPhase section */

/* Begin PBXGroup section */
		649ADADB2CA5500D00147AAB = {
			isa = PBXGroup;
			children = (
				649ADAE62CA5500D00147AAB /* ElinextCollectionChallenge */,
				649ADAFD2CA5501000147AAB /* ElinextCollectionChallengeTests */,
				649ADB072CA5501000147AAB /* ElinextCollectionChallengeUITests */,
				649ADAE52CA5500D00147AAB /* Products */,
			);
			sourceTree = "<group>";
		};
		649ADAE52CA5500D00147AAB /* Products */ = {
			isa = PBXGroup;
			children = (
				649ADAE42CA5500D00147AAB /* ElinextCollectionChallenge.app */,
				649ADAFA2CA5501000147AAB /* ElinextCollectionChallengeTests.xctest */,
				649ADB042CA5501000147AAB /* ElinextCollectionChallengeUITests.xctest */,
			);
			name = Products;
			sourceTree = "<group>";
		};
/* End PBXGroup section */

/* Begin PBXNativeTarget section */
		649ADAE32CA5500D00147AAB /* ElinextCollectionChallenge */ = {
			isa = PBXNativeTarget;
			buildConfigurationList = 649ADB0D2CA5501000147AAB /* Build configuration list for PBXNativeTarget "ElinextCollectionChallenge" */;
			buildPhases = (
				649ADAE02CA5500D00147AAB /* Sources */,
				649ADAE12CA5500D00147AAB /* Frameworks */,
				649ADAE22CA5500D00147AAB /* Resources */,
			);
			buildRules = (
			);
			dependencies = (
			);
			fileSystemSynchronizedGroups = (
				649ADAE62CA5500D00147AAB /* ElinextCollectionChallenge */,
			);
			name = ElinextCollectionChallenge;
			packageProductDependencies = (
			);
			productName = ElinextCollectionChallenge;
			productReference = 649ADAE42CA5500D00147AAB /* ElinextCollectionChallenge.app */;
			productType = "com.apple.product-type.application";
		};
		649ADAF92CA5501000147AAB /* ElinextCollectionChallengeTests */ = {
			isa = PBXNativeTarget;
			buildConfigurationList = 649ADB122CA5501000147AAB /* Build configuration list for PBXNativeTarget "ElinextCollectionChallengeTests" */;
			buildPhases = (
				649ADAF62CA5501000147AAB /* Sources */,
				649ADAF72CA5501000147AAB /* Frameworks */,
				649ADAF82CA5501000147AAB /* Resources */,
			);
			buildRules = (
			);
			dependencies = (
				649ADAFC2CA5501000147AAB /* PBXTargetDependency */,
			);
			fileSystemSynchronizedGroups = (
				649ADAFD2CA5501000147AAB /* ElinextCollectionChallengeTests */,
			);
			name = ElinextCollectionChallengeTests;
			packageProductDependencies = (
			);
			productName = ElinextCollectionChallengeTests;
			productReference = 649ADAFA2CA5501000147AAB /* ElinextCollectionChallengeTests.xctest */;
			productType = "com.apple.product-type.bundle.unit-test";
		};
		649ADB032CA5501000147AAB /* ElinextCollectionChallengeUITests */ = {
			isa = PBXNativeTarget;
			buildConfigurationList = 649ADB152CA5501000147AAB /* Build configuration list for PBXNativeTarget "ElinextCollectionChallengeUITests" */;
			buildPhases = (
				649ADB002CA5501000147AAB /* Sources */,
				649ADB012CA5501000147AAB /* Frameworks */,
				649ADB022CA5501000147AAB /* Resources */,
			);
			buildRules = (
			);
			dependencies = (
				649ADB062CA5501000147AAB /* PBXTargetDependency */,
			);
			fileSystemSynchronizedGroups = (
				649ADB072CA5501000147AAB /* ElinextCollectionChallengeUITests */,
			);
			name = ElinextCollectionChallengeUITests;
			packageProductDependencies = (
			);
			productName = ElinextCollectionChallengeUITests;
			productReference = 649ADB042CA5501000147AAB /* ElinextCollectionChallengeUITests.xctest */;
			productType = "com.apple.product-type.bundle.ui-testing";
		};
/* End PBXNativeTarget section */

/* Begin PBXProject section */
		649ADADC2CA5500D00147AAB /* Project object */ = {
			isa = PBXProject;
			attributes = {
				BuildIndependentTargetsInParallel = 1;
				LastSwiftUpdateCheck = 1600;
				LastUpgradeCheck = 1600;
				TargetAttributes = {
					649ADAE32CA5500D00147AAB = {
						CreatedOnToolsVersion = 16.0;
					};
					649ADAF92CA5501000147AAB = {
						CreatedOnToolsVersion = 16.0;
						TestTargetID = 649ADAE32CA5500D00147AAB;
					};
					649ADB032CA5501000147AAB = {
						CreatedOnToolsVersion = 16.0;
						TestTargetID = 649ADAE32CA5500D00147AAB;
					};
				};
			};
			buildConfigurationList = 649ADADF2CA5500D00147AAB /* Build configuration list for PBXProject "ElinextCollectionChallenge" */;
			developmentRegion = en;
			hasScannedForEncodings = 0;
			knownRegions = (
				en,
				Base,
			);
			mainGroup = 649ADADB2CA5500D00147AAB;
			minimizedProjectReferenceProxies = 1;
			preferredProjectObjectVersion = 77;
			productRefGroup = 649ADAE52CA5500D00147AAB /* Products */;
			projectDirPath = "";
			projectRoot = "";
			targets = (
				649ADAE32CA5500D00147AAB /* ElinextCollectionChallenge */,
				649ADAF92CA5501000147AAB /* ElinextCollectionChallengeTests */,
				649ADB032CA5501000147AAB /* ElinextCollectionChallengeUITests */,
			);
		};
/* End PBXProject section */

/* Begin PBXResourcesBuildPhase section */
		649ADAE22CA5500D00147AAB /* Resources */ = {
			isa = PBXResourcesBuildPhase;
			buildActionMask = 2147483647;
			files = (
			);
			runOnlyForDeploymentPostprocessing = 0;
		};
		649ADAF82CA5501000147AAB /* Resources */ = {
			isa = PBXResourcesBuildPhase;
			buildActionMask = 2147483647;
			files = (
			);
			runOnlyForDeploymentPostprocessing = 0;
		};
		649ADB022CA5501000147AAB /* Resources */ = {
			isa = PBXResourcesBuildPhase;
			buildActionMask = 2147483647;
			files = (
			);
			runOnlyForDeploymentPostprocessing = 0;
		};
/* End PBXResourcesBuildPhase section */

/* Begin PBXSourcesBuildPhase section */
		649ADAE02CA5500D00147AAB /* Sources */ = {
			isa = PBXSourcesBuildPhase;
			buildActionMask = 2147483647;
			files = (
			);
			runOnlyForDeploymentPostprocessing = 0;
		};
		649ADAF62CA5501000147AAB /* Sources */ = {
			isa = PBXSourcesBuildPhase;
			buildActionMask = 2147483647;
			files = (
			);
			runOnlyForDeploymentPostprocessing = 0;
		};
		649ADB002CA5501000147AAB /* Sources */ = {
			isa = PBXSourcesBuildPhase;
			buildActionMask = 2147483647;
			files = (
			);
			runOnlyForDeploymentPostprocessing = 0;
		};
/* End PBXSourcesBuildPhase section */

/* Begin PBXTargetDependency section */
		649ADAFC2CA5501000147AAB /* PBXTargetDependency */ = {
			isa = PBXTargetDependency;
			target = 649ADAE32CA5500D00147AAB /* ElinextCollectionChallenge */;
			targetProxy = 649ADAFB2CA5501000147AAB /* PBXContainerItemProxy */;
		};
		649ADB062CA5501000147AAB /* PBXTargetDependency */ = {
			isa = PBXTargetDependency;
			target = 649ADAE32CA5500D00147AAB /* ElinextCollectionChallenge */;
			targetProxy = 649ADB052CA5501000147AAB /* PBXContainerItemProxy */;
		};
/* End PBXTargetDependency section */

/* Begin XCBuildConfiguration section */
		649ADB0E2CA5501000147AAB /* Debug */ = {
			isa = XCBuildConfiguration;
			buildSettings = {
				ASSETCATALOG_COMPILER_APPICON_NAME = AppIcon;
				ASSETCATALOG_COMPILER_GLOBAL_ACCENT_COLOR_NAME = AccentColor;
				CODE_SIGN_STYLE = Automatic;
				CURRENT_PROJECT_VERSION = 1;
				DEVELOPMENT_TEAM = 66MMSGR897;
				GENERATE_INFOPLIST_FILE = YES;
				INFOPLIST_FILE = ElinextCollectionChallenge/Info.plist;
				INFOPLIST_KEY_CFBundleDisplayName = PhuPhanChallege;
				INFOPLIST_KEY_UIApplicationSupportsIndirectInputEvents = YES;
				INFOPLIST_KEY_UILaunchStoryboardName = LaunchScreen;
				INFOPLIST_KEY_UIMainStoryboardFile = Main;
				INFOPLIST_KEY_UISupportedInterfaceOrientations = UIInterfaceOrientationPortrait;
				IPHONEOS_DEPLOYMENT_TARGET = 16;
				LD_RUNPATH_SEARCH_PATHS = (
					"$(inherited)",
					"@executable_path/Frameworks",
				);
				MARKETING_VERSION = 1.0;
				PRODUCT_BUNDLE_IDENTIFIER = phuphan.kazu.ElinextCollectionChallenge;
				PRODUCT_NAME = "$(TARGET_NAME)";
				SUPPORTED_PLATFORMS = "iphoneos iphonesimulator";
				SUPPORTS_MACCATALYST = NO;
				SUPPORTS_MAC_DESIGNED_FOR_IPHONE_IPAD = NO;
				SUPPORTS_XR_DESIGNED_FOR_IPHONE_IPAD = NO;
				SWIFT_EMIT_LOC_STRINGS = YES;
				SWIFT_VERSION = 5.0;
				TARGETED_DEVICE_FAMILY = "1,2";
			};
			name = Debug;
		};
		649ADB0F2CA5501000147AAB /* Release */ = {
			isa = XCBuildConfiguration;
			buildSettings = {
				ASSETCATALOG_COMPILER_APPICON_NAME = AppIcon;
				ASSETCATALOG_COMPILER_GLOBAL_ACCENT_COLOR_NAME = AccentColor;
				CODE_SIGN_STYLE = Automatic;
				CURRENT_PROJECT_VERSION = 1;
				DEVELOPMENT_TEAM = 66MMSGR897;
				GENERATE_INFOPLIST_FILE = YES;
				INFOPLIST_FILE = ElinextCollectionChallenge/Info.plist;
				INFOPLIST_KEY_CFBundleDisplayName = PhuPhanChallege;
				INFOPLIST_KEY_UIApplicationSupportsIndirectInputEvents = YES;
				INFOPLIST_KEY_UILaunchStoryboardName = LaunchScreen;
				INFOPLIST_KEY_UIMainStoryboardFile = Main;
				INFOPLIST_KEY_UISupportedInterfaceOrientations = UIInterfaceOrientationPortrait;
				IPHONEOS_DEPLOYMENT_TARGET = 16;
				LD_RUNPATH_SEARCH_PATHS = (
					"$(inherited)",
					"@executable_path/Frameworks",
				);
				MARKETING_VERSION = 1.0;
				PRODUCT_BUNDLE_IDENTIFIER = phuphan.kazu.ElinextCollectionChallenge;
				PRODUCT_NAME = "$(TARGET_NAME)";
				SUPPORTED_PLATFORMS = "iphoneos iphonesimulator";
				SUPPORTS_MACCATALYST = NO;
				SUPPORTS_MAC_DESIGNED_FOR_IPHONE_IPAD = NO;
				SUPPORTS_XR_DESIGNED_FOR_IPHONE_IPAD = NO;
				SWIFT_EMIT_LOC_STRINGS = YES;
				SWIFT_VERSION = 5.0;
				TARGETED_DEVICE_FAMILY = "1,2";
			};
			name = Release;
		};
		649ADB102CA5501000147AAB /* Debug */ = {
			isa = XCBuildConfiguration;
			buildSettings = {
				ALWAYS_SEARCH_USER_PATHS = NO;
				ASSETCATALOG_COMPILER_GENERATE_SWIFT_ASSET_SYMBOL_EXTENSIONS = YES;
				CLANG_ANALYZER_NONNULL = YES;
				CLANG_ANALYZER_NUMBER_OBJECT_CONVERSION = YES_AGGRESSIVE;
				CLANG_CXX_LANGUAGE_STANDARD = "gnu++20";
				CLANG_ENABLE_MODULES = YES;
				CLANG_ENABLE_OBJC_ARC = YES;
				CLANG_ENABLE_OBJC_WEAK = YES;
				CLANG_WARN_BLOCK_CAPTURE_AUTORELEASING = YES;
				CLANG_WARN_BOOL_CONVERSION = YES;
				CLANG_WARN_COMMA = YES;
				CLANG_WARN_CONSTANT_CONVERSION = YES;
				CLANG_WARN_DEPRECATED_OBJC_IMPLEMENTATIONS = YES;
				CLANG_WARN_DIRECT_OBJC_ISA_USAGE = YES_ERROR;
				CLANG_WARN_DOCUMENTATION_COMMENTS = YES;
				CLANG_WARN_EMPTY_BODY = YES;
				CLANG_WARN_ENUM_CONVERSION = YES;
				CLANG_WARN_INFINITE_RECURSION = YES;
				CLANG_WARN_INT_CONVERSION = YES;
				CLANG_WARN_NON_LITERAL_NULL_CONVERSION = YES;
				CLANG_WARN_OBJC_IMPLICIT_RETAIN_SELF = YES;
				CLANG_WARN_OBJC_LITERAL_CONVERSION = YES;
				CLANG_WARN_OBJC_ROOT_CLASS = YES_ERROR;
				CLANG_WARN_QUOTED_INCLUDE_IN_FRAMEWORK_HEADER = YES;
				CLANG_WARN_RANGE_LOOP_ANALYSIS = YES;
				CLANG_WARN_STRICT_PROTOTYPES = YES;
				CLANG_WARN_SUSPICIOUS_MOVE = YES;
				CLANG_WARN_UNGUARDED_AVAILABILITY = YES_AGGRESSIVE;
				CLANG_WARN_UNREACHABLE_CODE = YES;
				CLANG_WARN__DUPLICATE_METHOD_MATCH = YES;
				COPY_PHASE_STRIP = NO;
				DEBUG_INFORMATION_FORMAT = dwarf;
				ENABLE_STRICT_OBJC_MSGSEND = YES;
				ENABLE_TESTABILITY = YES;
				ENABLE_USER_SCRIPT_SANDBOXING = YES;
				GCC_C_LANGUAGE_STANDARD = gnu17;
				GCC_DYNAMIC_NO_PIC = NO;
				GCC_NO_COMMON_BLOCKS = YES;
				GCC_OPTIMIZATION_LEVEL = 0;
				GCC_PREPROCESSOR_DEFINITIONS = (
					"DEBUG=1",
					"$(inherited)",
				);
				GCC_WARN_64_TO_32_BIT_CONVERSION = YES;
				GCC_WARN_ABOUT_RETURN_TYPE = YES_ERROR;
				GCC_WARN_UNDECLARED_SELECTOR = YES;
				GCC_WARN_UNINITIALIZED_AUTOS = YES_AGGRESSIVE;
				GCC_WARN_UNUSED_FUNCTION = YES;
				GCC_WARN_UNUSED_VARIABLE = YES;
				IPHONEOS_DEPLOYMENT_TARGET = 18.0;
				LOCALIZATION_PREFERS_STRING_CATALOGS = YES;
				MTL_ENABLE_DEBUG_INFO = INCLUDE_SOURCE;
				MTL_FAST_MATH = YES;
				ONLY_ACTIVE_ARCH = YES;
				SDKROOT = iphoneos;
				SWIFT_ACTIVE_COMPILATION_CONDITIONS = "DEBUG $(inherited)";
				SWIFT_OPTIMIZATION_LEVEL = "-Onone";
			};
			name = Debug;
		};
		649ADB112CA5501000147AAB /* Release */ = {
			isa = XCBuildConfiguration;
			buildSettings = {
				ALWAYS_SEARCH_USER_PATHS = NO;
				ASSETCATALOG_COMPILER_GENERATE_SWIFT_ASSET_SYMBOL_EXTENSIONS = YES;
				CLANG_ANALYZER_NONNULL = YES;
				CLANG_ANALYZER_NUMBER_OBJECT_CONVERSION = YES_AGGRESSIVE;
				CLANG_CXX_LANGUAGE_STANDARD = "gnu++20";
				CLANG_ENABLE_MODULES = YES;
				CLANG_ENABLE_OBJC_ARC = YES;
				CLANG_ENABLE_OBJC_WEAK = YES;
				CLANG_WARN_BLOCK_CAPTURE_AUTORELEASING = YES;
				CLANG_WARN_BOOL_CONVERSION = YES;
				CLANG_WARN_COMMA = YES;
				CLANG_WARN_CONSTANT_CONVERSION = YES;
				CLANG_WARN_DEPRECATED_OBJC_IMPLEMENTATIONS = YES;
				CLANG_WARN_DIRECT_OBJC_ISA_USAGE = YES_ERROR;
				CLANG_WARN_DOCUMENTATION_COMMENTS = YES;
				CLANG_WARN_EMPTY_BODY = YES;
				CLANG_WARN_ENUM_CONVERSION = YES;
				CLANG_WARN_INFINITE_RECURSION = YES;
				CLANG_WARN_INT_CONVERSION = YES;
				CLANG_WARN_NON_LITERAL_NULL_CONVERSION = YES;
				CLANG_WARN_OBJC_IMPLICIT_RETAIN_SELF = YES;
				CLANG_WARN_OBJC_LITERAL_CONVERSION = YES;
				CLANG_WARN_OBJC_ROOT_CLASS = YES_ERROR;
				CLANG_WARN_QUOTED_INCLUDE_IN_FRAMEWORK_HEADER = YES;
				CLANG_WARN_RANGE_LOOP_ANALYSIS = YES;
				CLANG_WARN_STRICT_PROTOTYPES = YES;
				CLANG_WARN_SUSPICIOUS_MOVE = YES;
				CLANG_WARN_UNGUARDED_AVAILABILITY = YES_AGGRESSIVE;
				CLANG_WARN_UNREACHABLE_CODE = YES;
				CLANG_WARN__DUPLICATE_METHOD_MATCH = YES;
				COPY_PHASE_STRIP = NO;
				DEBUG_INFORMATION_FORMAT = "dwarf-with-dsym";
				ENABLE_NS_ASSERTIONS = NO;
				ENABLE_STRICT_OBJC_MSGSEND = YES;
				ENABLE_USER_SCRIPT_SANDBOXING = YES;
				GCC_C_LANGUAGE_STANDARD = gnu17;
				GCC_NO_COMMON_BLOCKS = YES;
				GCC_WARN_64_TO_32_BIT_CONVERSION = YES;
				GCC_WARN_ABOUT_RETURN_TYPE = YES_ERROR;
				GCC_WARN_UNDECLARED_SELECTOR = YES;
				GCC_WARN_UNINITIALIZED_AUTOS = YES_AGGRESSIVE;
				GCC_WARN_UNUSED_FUNCTION = YES;
				GCC_WARN_UNUSED_VARIABLE = YES;
				IPHONEOS_DEPLOYMENT_TARGET = 18.0;
				LOCALIZATION_PREFERS_STRING_CATALOGS = YES;
				MTL_ENABLE_DEBUG_INFO = NO;
				MTL_FAST_MATH = YES;
				SDKROOT = iphoneos;
				SWIFT_COMPILATION_MODE = wholemodule;
				VALIDATE_PRODUCT = YES;
			};
			name = Release;
		};
		649ADB132CA5501000147AAB /* Debug */ = {
			isa = XCBuildConfiguration;
			buildSettings = {
				BUNDLE_LOADER = "$(TEST_HOST)";
				CODE_SIGN_STYLE = Automatic;
				CURRENT_PROJECT_VERSION = 1;
				DEVELOPMENT_TEAM = 66MMSGR897;
				GENERATE_INFOPLIST_FILE = YES;
				IPHONEOS_DEPLOYMENT_TARGET = 18.0;
				MARKETING_VERSION = 1.0;
				PRODUCT_BUNDLE_IDENTIFIER = phuphan.kazu.ElinextCollectionChallengeTests;
				PRODUCT_NAME = "$(TARGET_NAME)";
				SWIFT_EMIT_LOC_STRINGS = NO;
				SWIFT_VERSION = 5.0;
				TARGETED_DEVICE_FAMILY = "1,2";
				TEST_HOST = "$(BUILT_PRODUCTS_DIR)/ElinextCollectionChallenge.app/$(BUNDLE_EXECUTABLE_FOLDER_PATH)/ElinextCollectionChallenge";
			};
			name = Debug;
		};
		649ADB142CA5501000147AAB /* Release */ = {
			isa = XCBuildConfiguration;
			buildSettings = {
				BUNDLE_LOADER = "$(TEST_HOST)";
				CODE_SIGN_STYLE = Automatic;
				CURRENT_PROJECT_VERSION = 1;
				DEVELOPMENT_TEAM = 66MMSGR897;
				GENERATE_INFOPLIST_FILE = YES;
				IPHONEOS_DEPLOYMENT_TARGET = 18.0;
				MARKETING_VERSION = 1.0;
				PRODUCT_BUNDLE_IDENTIFIER = phuphan.kazu.ElinextCollectionChallengeTests;
				PRODUCT_NAME = "$(TARGET_NAME)";
				SWIFT_EMIT_LOC_STRINGS = NO;
				SWIFT_VERSION = 5.0;
				TARGETED_DEVICE_FAMILY = "1,2";
				TEST_HOST = "$(BUILT_PRODUCTS_DIR)/ElinextCollectionChallenge.app/$(BUNDLE_EXECUTABLE_FOLDER_PATH)/ElinextCollectionChallenge";
			};
			name = Release;
		};
		649ADB162CA5501000147AAB /* Debug */ = {
			isa = XCBuildConfiguration;
			buildSettings = {
				CODE_SIGN_STYLE = Automatic;
				CURRENT_PROJECT_VERSION = 1;
				DEVELOPMENT_TEAM = 66MMSGR897;
				GENERATE_INFOPLIST_FILE = YES;
				MARKETING_VERSION = 1.0;
				PRODUCT_BUNDLE_IDENTIFIER = phuphan.kazu.ElinextCollectionChallengeUITests;
				PRODUCT_NAME = "$(TARGET_NAME)";
				SWIFT_EMIT_LOC_STRINGS = NO;
				SWIFT_VERSION = 5.0;
				TARGETED_DEVICE_FAMILY = "1,2";
				TEST_TARGET_NAME = ElinextCollectionChallenge;
			};
			name = Debug;
		};
		649ADB172CA5501000147AAB /* Release */ = {
			isa = XCBuildConfiguration;
			buildSettings = {
				CODE_SIGN_STYLE = Automatic;
				CURRENT_PROJECT_VERSION = 1;
				DEVELOPMENT_TEAM = 66MMSGR897;
				GENERATE_INFOPLIST_FILE = YES;
				MARKETING_VERSION = 1.0;
				PRODUCT_BUNDLE_IDENTIFIER = phuphan.kazu.ElinextCollectionChallengeUITests;
				PRODUCT_NAME = "$(TARGET_NAME)";
				SWIFT_EMIT_LOC_STRINGS = NO;
				SWIFT_VERSION = 5.0;
				TARGETED_DEVICE_FAMILY = "1,2";
				TEST_TARGET_NAME = ElinextCollectionChallenge;
			};
			name = Release;
		};
/* End XCBuildConfiguration section */

/* Begin XCConfigurationList section */
		649ADADF2CA5500D00147AAB /* Build configuration list for PBXProject "ElinextCollectionChallenge" */ = {
			isa = XCConfigurationList;
			buildConfigurations = (
				649ADB102CA5501000147AAB /* Debug */,
				649ADB112CA5501000147AAB /* Release */,
			);
			defaultConfigurationIsVisible = 0;
			defaultConfigurationName = Release;
		};
		649ADB0D2CA5501000147AAB /* Build configuration list for PBXNativeTarget "ElinextCollectionChallenge" */ = {
			isa = XCConfigurationList;
			buildConfigurations = (
				649ADB0E2CA5501000147AAB /* Debug */,
				649ADB0F2CA5501000147AAB /* Release */,
			);
			defaultConfigurationIsVisible = 0;
			defaultConfigurationName = Release;
		};
		649ADB122CA5501000147AAB /* Build configuration list for PBXNativeTarget "ElinextCollectionChallengeTests" */ = {
			isa = XCConfigurationList;
			buildConfigurations = (
				649ADB132CA5501000147AAB /* Debug */,
				649ADB142CA5501000147AAB /* Release */,
			);
			defaultConfigurationIsVisible = 0;
			defaultConfigurationName = Release;
		};
		649ADB152CA5501000147AAB /* Build configuration list for PBXNativeTarget "ElinextCollectionChallengeUITests" */ = {
			isa = XCConfigurationList;
			buildConfigurations = (
				649ADB162CA5501000147AAB /* Debug */,
				649ADB172CA5501000147AAB /* Release */,
			);
			defaultConfigurationIsVisible = 0;
			defaultConfigurationName = Release;
		};
/* End XCConfigurationList section */
	};
	rootObject = 649ADADC2CA5500D00147AAB /* Project object */;
}
